<?xml version="1.0" encoding="utf-8"?>
<Project ToolsVersion="4.0" xmlns="http://schemas.microsoft.com/developer/msbuild/2003">
  <ItemGroup>
    <FxCompile Include="Resources\Shaders\BasicPS.hlsl">
      <Filter>Shader\CalculationObj</Filter>
    </FxCompile>
    <FxCompile Include="Resources\Shaders\BasicVS.hlsl">
      <Filter>Shader\CalculationObj</Filter>
    </FxCompile>
    <FxCompile Include="Resources\Shaders\FBXPS.hlsl">
      <Filter>Shader\FBX</Filter>
    </FxCompile>
    <FxCompile Include="Resources\Shaders\FBXVS.hlsl">
      <Filter>Shader\FBX</Filter>
    </FxCompile>
    <FxCompile Include="Resources\Shaders\MultiRenderTargetTestPS.hlsl">
      <Filter>Shader\PostEffect\MultiRenderTarget</Filter>
    </FxCompile>
    <FxCompile Include="Resources\Shaders\MultiRenderTargetTestVS.hlsl">
      <Filter>Shader\PostEffect\MultiRenderTarget</Filter>
    </FxCompile>
    <FxCompile Include="Resources\Shaders\ObjPS.hlsl">
      <Filter>Shader\OBJ</Filter>
    </FxCompile>
    <FxCompile Include="Resources\Shaders\ObjVS.hlsl">
      <Filter>Shader\OBJ</Filter>
    </FxCompile>
    <FxCompile Include="Resources\Shaders\ParticleGS.hlsl">
      <Filter>Shader\Particle</Filter>
    </FxCompile>
    <FxCompile Include="Resources\Shaders\ParticlePS.hlsl">
      <Filter>Shader\Particle</Filter>
    </FxCompile>
    <FxCompile Include="Resources\Shaders\ParticleVS.hlsl">
      <Filter>Shader\Particle</Filter>
    </FxCompile>
    <FxCompile Include="Resources\Shaders\PostEffectTestVS.hlsl">
      <Filter>Shader\PostEffect</Filter>
    </FxCompile>
    <FxCompile Include="Resources\Shaders\PostEffectTestPS.hlsl">
      <Filter>Shader\PostEffect</Filter>
    </FxCompile>
    <FxCompile Include="Resources\Shaders\SpritePS.hlsl">
      <Filter>Shader\Sprite</Filter>
    </FxCompile>
    <FxCompile Include="Resources\Shaders\SpriteVS.hlsl">
      <Filter>Shader\Sprite</Filter>
    </FxCompile>
    <FxCompile Include="Resources\Shaders\ChangeBrightnessPS.hlsl">
      <Filter>Shader\PostEffect\Effects</Filter>
    </FxCompile>
    <FxCompile Include="Resources\Shaders\ChangeChromaPS.hlsl">
      <Filter>Shader\PostEffect\Effects</Filter>
    </FxCompile>
    <FxCompile Include="Resources\Shaders\InverseColorPS.hlsl">
      <Filter>Shader\PostEffect\Effects</Filter>
    </FxCompile>
    <FxCompile Include="Resources\Shaders\NoEffectPS.hlsl">
      <Filter>Shader\PostEffect\Effects</Filter>
    </FxCompile>
    <FxCompile Include="Resources\Shaders\PixelBlurPS.hlsl">
      <Filter>Shader\PostEffect\Effects</Filter>
    </FxCompile>
    <FxCompile Include="Resources\Shaders\RGBShiftPS.hlsl">
      <Filter>Shader\PostEffect\Effects</Filter>
    </FxCompile>
    <FxCompile Include="Resources\Shaders\ScanLinePS.hlsl">
      <Filter>Shader\PostEffect\Effects</Filter>
    </FxCompile>
    <FxCompile Include="Resources\Shaders\SinpleColorPS.hlsl">
      <Filter>Shader\PostEffect\Effects</Filter>
    </FxCompile>
    <FxCompile Include="Resources\Shaders\TilingPS.hlsl">
      <Filter>Shader\PostEffect\Effects</Filter>
    </FxCompile>
    <FxCompile Include="Resources\Shaders\UvScrollPS.hlsl">
      <Filter>Shader\PostEffect\Effects</Filter>
    </FxCompile>
  </ItemGroup>
  <ItemGroup>
    <ClCompile Include="Code\Audio\Audio.cpp">
      <Filter>メイン部分\Audio</Filter>
    </ClCompile>
    <ClCompile Include="Code\GameObject\Enemy\Boss.cpp">
      <Filter>メイン部分\GameObj\Enemy</Filter>
    </ClCompile>
    <ClCompile Include="Code\GameObject\Player\PlayerBullet.cpp">
      <Filter>メイン部分\GameObj\Player</Filter>
    </ClCompile>
    <ClCompile Include="Code\Camera\Camera.cpp">
      <Filter>メイン部分\Camera</Filter>
    </ClCompile>
    <ClCompile Include="Code\Collision\Collision.cpp">
      <Filter>メイン部分\Collision</Filter>
    </ClCompile>
    <ClCompile Include="Code\Collision\CollisionManager.cpp">
      <Filter>メイン部分\Collision</Filter>
    </ClCompile>
    <ClCompile Include="Code\Collision\CollisionPrimitive.cpp">
      <Filter>メイン部分\Collision</Filter>
    </ClCompile>
    <ClCompile Include="Code\Input\ControllerInput.cpp">
      <Filter>メイン部分\Input</Filter>
    </ClCompile>
    <ClCompile Include="Code\DirectXBase\DebugText.cpp">
      <Filter>メイン部分\Base\DebugTex</Filter>
    </ClCompile>
    <ClCompile Include="Code\DirectXBase\DirectXCommon.cpp">
      <Filter>メイン部分\Base</Filter>
    </ClCompile>
    <ClCompile Include="Code\Scene\EndScene.cpp">
      <Filter>メイン部分\Scene</Filter>
    </ClCompile>
    <ClCompile Include="Code\GameObject\Enemy\Enemy.cpp">
      <Filter>メイン部分\GameObj\Enemy</Filter>
    </ClCompile>
    <ClCompile Include="Code\GameObject\Enemy\EnemyBullet.cpp">
      <Filter>メイン部分\GameObj\Enemy</Filter>
    </ClCompile>
    <ClCompile Include="Code\GameObject\Enemy\EnemySpawner.cpp">
      <Filter>メイン部分\GameObj\Enemy</Filter>
    </ClCompile>
    <ClCompile Include="Code\GameObject\GameObjectBase.cpp">
      <Filter>メイン部分\GameObj</Filter>
    </ClCompile>
    <ClCompile Include="Code\Manager\GameObjectManager.cpp">
      <Filter>Manager</Filter>
    </ClCompile>
    <ClCompile Include="Code\Scene\GameScene.cpp">
      <Filter>メイン部分\Scene</Filter>
    </ClCompile>
    <ClCompile Include="Code\Input\KeyboardInput.cpp">
      <Filter>メイン部分\Input</Filter>
    </ClCompile>
    <ClCompile Include="Code\main.cpp" />
    <ClCompile Include="Code\3d\Fbx\FbxDraw.cpp">
      <Filter>メイン部分\Object\FBX</Filter>
    </ClCompile>
    <ClCompile Include="Code\3d\Fbx\FbxLoader.cpp">
      <Filter>メイン部分\Object\FBX</Filter>
    </ClCompile>
    <ClCompile Include="Code\3d\Fbx\FbxModel.cpp">
      <Filter>メイン部分\Object\FBX</Filter>
    </ClCompile>
    <ClCompile Include="Code\3d\CalculationModel.cpp">
      <Filter>メイン部分\Object\Calculation</Filter>
    </ClCompile>
    <ClCompile Include="Code\3d\Obj\ObjDraw.cpp">
      <Filter>メイン部分\Object\OBJ</Filter>
    </ClCompile>
    <ClCompile Include="Code\3d\Obj\ObjLoader.cpp">
      <Filter>メイン部分\Object\OBJ</Filter>
    </ClCompile>
    <ClCompile Include="Code\Manager\ModelManager.cpp">
      <Filter>Manager</Filter>
    </ClCompile>
    <ClCompile Include="Code\Collision\Collider\OBBCollider.cpp">
      <Filter>メイン部分\Collision\Collider</Filter>
    </ClCompile>
    <ClCompile Include="Code\Collision\Collider\SphereCollider.cpp">
      <Filter>メイン部分\Collision\Collider</Filter>
    </ClCompile>
    <ClCompile Include="Code\2d\Particle\ParticleManager.cpp">
      <Filter>メイン部分\Particle</Filter>
    </ClCompile>
    <ClCompile Include="Code\GameObject\Player\PlayerBase.cpp">
      <Filter>メイン部分\GameObj\Player</Filter>
    </ClCompile>
    <ClCompile Include="Code\2d\PostEffect\PostEffect.cpp">
      <Filter>メイン部分\Sprite\PostEffect</Filter>
    </ClCompile>
    <ClCompile Include="Code\2d\PostEffect\MultiRenderTarget.cpp">
      <Filter>メイン部分\Sprite\PostEffect</Filter>
    </ClCompile>
    <ClCompile Include="Code\Manager\SceneManager.cpp">
      <Filter>Manager</Filter>
    </ClCompile>
    <ClCompile Include="Code\2d\Sprite.cpp">
      <Filter>メイン部分\Sprite</Filter>
    </ClCompile>
    <ClCompile Include="Code\GameObject\Other\Stage.cpp">
      <Filter>メイン部分\GameObj\Other</Filter>
    </ClCompile>
    <ClCompile Include="Code\Scene\TitleScene.cpp">
      <Filter>メイン部分\Scene</Filter>
    </ClCompile>
    <ClCompile Include="Code\DirectXBase\WindowsAPI.cpp">
      <Filter>メイン部分\Base</Filter>
    </ClCompile>
    <ClCompile Include="Code\GameObject\Other\Wall.cpp">
      <Filter>メイン部分\GameObj\Other</Filter>
    </ClCompile>
    <ClCompile Include="Code\DirectXBase\CSVLoader.cpp">
      <Filter>メイン部分\Base</Filter>
    </ClCompile>
    <ClCompile Include="Code\GameObject\Other\WallSpaner.cpp" />
  </ItemGroup>
  <ItemGroup>
    <ClInclude Include="Code\Audio\Audio.h">
      <Filter>メイン部分\Audio</Filter>
    </ClInclude>
    <ClInclude Include="Code\Scene\AbstructScene.h">
      <Filter>メイン部分\Scene</Filter>
    </ClInclude>
    <ClInclude Include="Code\GameObject\Enemy\Boss.h">
      <Filter>メイン部分\GameObj\Enemy</Filter>
    </ClInclude>
    <ClInclude Include="Code\GameObject\Player\PlayerBullet.h">
      <Filter>メイン部分\GameObj\Player</Filter>
    </ClInclude>
    <ClInclude Include="Code\Camera\Camera.h">
      <Filter>メイン部分\Camera</Filter>
    </ClInclude>
    <ClInclude Include="Code\Collision\Collision.h">
      <Filter>メイン部分\Collision</Filter>
    </ClInclude>
    <ClInclude Include="Code\Collision\Collider\BaseCollider.h">
      <Filter>メイン部分\Collision\Collider</Filter>
    </ClInclude>
    <ClInclude Include="Code\Collision\CollisionInfo.h">
      <Filter>メイン部分\Collision</Filter>
    </ClInclude>
    <ClInclude Include="Code\Collision\CollisionManager.h">
      <Filter>メイン部分\Collision</Filter>
    </ClInclude>
    <ClInclude Include="Code\Collision\CollisionPrimitive.h">
      <Filter>メイン部分\Collision</Filter>
    </ClInclude>
    <ClInclude Include="Code\Input\ControllerInput.h">
      <Filter>メイン部分\Input</Filter>
    </ClInclude>
    <ClInclude Include="Code\DirectXBase\DebugText.h">
      <Filter>メイン部分\Base\DebugTex</Filter>
    </ClInclude>
    <ClInclude Include="Code\DirectXBase\DirectXCommon.h">
      <Filter>メイン部分\Base</Filter>
    </ClInclude>
    <ClInclude Include="Code\Scene\EndScene.h">
      <Filter>メイン部分\Scene</Filter>
    </ClInclude>
    <ClInclude Include="Code\GameObject\Enemy\Enemy.h">
      <Filter>メイン部分\GameObj\Enemy</Filter>
    </ClInclude>
    <ClInclude Include="Code\GameObject\Enemy\EnemyBullet.h">
      <Filter>メイン部分\GameObj\Enemy</Filter>
    </ClInclude>
    <ClInclude Include="Code\GameObject\Enemy\EnemySpawner.h">
      <Filter>メイン部分\GameObj\Enemy</Filter>
    </ClInclude>
    <ClInclude Include="Code\GameObject\GameObjectBase.h">
      <Filter>メイン部分\GameObj</Filter>
    </ClInclude>
    <ClInclude Include="Code\Manager\GameObjectManager.h">
      <Filter>Manager</Filter>
    </ClInclude>
    <ClInclude Include="Code\Scene\GameScene.h">
      <Filter>メイン部分\Scene</Filter>
    </ClInclude>
    <ClInclude Include="Code\Input\KeyboardInput.h">
      <Filter>メイン部分\Input</Filter>
    </ClInclude>
    <ClInclude Include="Code\3d\Fbx\FbxDraw.h">
      <Filter>メイン部分\Object\FBX</Filter>
    </ClInclude>
    <ClInclude Include="Code\3d\Fbx\FbxLoader.h">
      <Filter>メイン部分\Object\FBX</Filter>
    </ClInclude>
    <ClInclude Include="Code\3d\Fbx\FbxModel.h">
      <Filter>メイン部分\Object\FBX</Filter>
    </ClInclude>
    <ClInclude Include="Code\3d\CalculationModel.h">
      <Filter>メイン部分\Object\Calculation</Filter>
    </ClInclude>
    <ClInclude Include="Code\3d\Obj\ObjDraw.h">
      <Filter>メイン部分\Object\OBJ</Filter>
    </ClInclude>
    <ClInclude Include="Code\3d\Obj\ObjLoader.h">
      <Filter>メイン部分\Object\OBJ</Filter>
    </ClInclude>
    <ClInclude Include="Code\Manager\ModelManager.h">
      <Filter>Manager</Filter>
    </ClInclude>
    <ClInclude Include="Code\Collision\Collider\OBBCollider.h">
      <Filter>メイン部分\Collision\Collider</Filter>
    </ClInclude>
    <ClInclude Include="Code\Collision\Collider\SphereCollider.h">
      <Filter>メイン部分\Collision\Collider</Filter>
    </ClInclude>
    <ClInclude Include="Code\2d\Particle\ParticleManager.h">
      <Filter>メイン部分\Particle</Filter>
    </ClInclude>
    <ClInclude Include="Code\GameObject\Player\PlayerBase.h">
      <Filter>メイン部分\GameObj\Player</Filter>
    </ClInclude>
    <ClInclude Include="Code\2d\PostEffect\PostEffect.h">
      <Filter>メイン部分\Sprite\PostEffect</Filter>
    </ClInclude>
    <ClInclude Include="Code\2d\PostEffect\MultiRenderTarget.h">
      <Filter>メイン部分\Sprite\PostEffect</Filter>
    </ClInclude>
    <ClInclude Include="Code\DirectXBase\SafeDelete.h">
      <Filter>メイン部分\Base</Filter>
    </ClInclude>
    <ClInclude Include="Code\Manager\SceneManager.h">
      <Filter>Manager</Filter>
    </ClInclude>
    <ClInclude Include="Code\2d\Sprite.h">
      <Filter>メイン部分\Sprite</Filter>
    </ClInclude>
    <ClInclude Include="Code\GameObject\Other\Stage.h">
      <Filter>メイン部分\GameObj\Other</Filter>
    </ClInclude>
    <ClInclude Include="Code\Scene\TitleScene.h">
      <Filter>メイン部分\Scene</Filter>
    </ClInclude>
    <ClInclude Include="Code\Math\Vector3.h">
      <Filter>メイン部分\Base</Filter>
    </ClInclude>
    <ClInclude Include="Code\DirectXBase\WindowsAPI.h">
      <Filter>メイン部分\Base</Filter>
    </ClInclude>
    <ClInclude Include="Code\GameObject\Other\Wall.h">
      <Filter>メイン部分\GameObj\Other</Filter>
    </ClInclude>
    <ClInclude Include="Code\DirectXBase\CSVLoader.h">
      <Filter>メイン部分\Base</Filter>
    </ClInclude>
    <ClInclude Include="Code\GameObject\Other\WallSpaner.h" />
  </ItemGroup>
  <ItemGroup>
    <None Include="Resources\Shaders\Basic.hlsli">
      <Filter>Shader\CalculationObj</Filter>
    </None>
    <None Include="Resources\Shaders\FBX.hlsli">
      <Filter>Shader\FBX</Filter>
    </None>
    <None Include="Resources\Shaders\MultiRenderTargetTest.hlsli">
      <Filter>Shader\PostEffect\MultiRenderTarget</Filter>
    </None>
    <None Include="Resources\Shaders\Obj.hlsli">
      <Filter>Shader\OBJ</Filter>
    </None>
    <None Include="Resources\Shaders\Particle.hlsli">
      <Filter>Shader\Particle</Filter>
    </None>
    <None Include="Resources\Shaders\PostEffectTest.hlsli">
      <Filter>Shader\PostEffect</Filter>
    </None>
    <None Include="Resources\Shaders\Sprite.hlsli">
      <Filter>Shader\Sprite</Filter>
    </None>
  </ItemGroup>
  <ItemGroup>
    <Filter Include="Shader">
      <UniqueIdentifier>{a4b35bf5-536f-45a5-b5c0-39a62cdcb457}</UniqueIdentifier>
    </Filter>
    <Filter Include="Shader\CalculationObj">
      <UniqueIdentifier>{34a54325-e589-4e7d-9054-506ccdd7c876}</UniqueIdentifier>
    </Filter>
    <Filter Include="Shader\FBX">
      <UniqueIdentifier>{65392644-7150-4ed4-b0e0-2fc1fa043d4a}</UniqueIdentifier>
    </Filter>
    <Filter Include="Shader\OBJ">
      <UniqueIdentifier>{77d61d12-9a26-4ba2-9c60-f49145791d14}</UniqueIdentifier>
    </Filter>
    <Filter Include="Shader\Particle">
      <UniqueIdentifier>{4f223da8-9a37-403c-bd75-b712d12baafd}</UniqueIdentifier>
    </Filter>
    <Filter Include="Shader\PostEffect">
      <UniqueIdentifier>{18849bc6-ddb6-4947-84dc-ad49e0d67bdf}</UniqueIdentifier>
    </Filter>
    <Filter Include="Shader\Sprite">
      <UniqueIdentifier>{957ae061-86d0-4bc8-b33d-bc200111789d}</UniqueIdentifier>
    </Filter>
    <Filter Include="メイン部分">
      <UniqueIdentifier>{dbd00371-188c-42ad-972b-5bda1e80d85b}</UniqueIdentifier>
    </Filter>
    <Filter Include="メイン部分\Audio">
      <UniqueIdentifier>{a74ad3ae-81c7-431a-80eb-963adfbc23e6}</UniqueIdentifier>
    </Filter>
    <Filter Include="メイン部分\Camera">
      <UniqueIdentifier>{884df4db-84d5-4669-aa2b-eb1eb47fcba5}</UniqueIdentifier>
    </Filter>
    <Filter Include="メイン部分\Base">
      <UniqueIdentifier>{1556d291-6296-40d8-b6f3-2355dd44f0b5}</UniqueIdentifier>
    </Filter>
    <Filter Include="メイン部分\Collision">
      <UniqueIdentifier>{6f0c16dc-b8ac-4a49-92ea-c8cc2e0ab124}</UniqueIdentifier>
    </Filter>
    <Filter Include="メイン部分\Input">
      <UniqueIdentifier>{8d3e6c92-022d-40a1-9b17-82b01cf453a6}</UniqueIdentifier>
    </Filter>
    <Filter Include="メイン部分\Particle">
      <UniqueIdentifier>{45439660-d7c3-4f6d-88aa-b0393754c997}</UniqueIdentifier>
    </Filter>
    <Filter Include="メイン部分\Sprite">
      <UniqueIdentifier>{edc78873-c918-4eba-82d7-a3ce1884a2be}</UniqueIdentifier>
    </Filter>
    <Filter Include="メイン部分\Sprite\PostEffect">
      <UniqueIdentifier>{a06404cf-4120-41b9-bb52-629da06fc72e}</UniqueIdentifier>
    </Filter>
    <Filter Include="メイン部分\Object">
      <UniqueIdentifier>{e6cd8d90-2fb4-499b-843a-3b197d7fa0fe}</UniqueIdentifier>
    </Filter>
    <Filter Include="メイン部分\Object\FBX">
      <UniqueIdentifier>{f3688733-900c-4520-a143-e7376f0bbbe5}</UniqueIdentifier>
    </Filter>
    <Filter Include="メイン部分\Object\OBJ">
      <UniqueIdentifier>{7e3491d8-8e86-4c98-b2e6-efa1e99b3f99}</UniqueIdentifier>
    </Filter>
    <Filter Include="メイン部分\Scene">
      <UniqueIdentifier>{33c1db31-6e50-453a-b45d-c6ac94cbda70}</UniqueIdentifier>
    </Filter>
    <Filter Include="Shader\PostEffect\Effects">
      <UniqueIdentifier>{57c4cc42-7c83-4514-9fb2-ed15027d565a}</UniqueIdentifier>
    </Filter>
    <Filter Include="メイン部分\GameObj">
      <UniqueIdentifier>{21a672d7-5146-4acc-a58d-28b66643954e}</UniqueIdentifier>
    </Filter>
    <Filter Include="メイン部分\GameObj\Enemy">
      <UniqueIdentifier>{60d1e33d-a484-42ea-9afb-07bb3811af88}</UniqueIdentifier>
    </Filter>
    <Filter Include="メイン部分\GameObj\Player">
      <UniqueIdentifier>{f8243134-8987-48a7-8f4b-f2c3ed1008ed}</UniqueIdentifier>
    </Filter>
    <Filter Include="メイン部分\Object\Calculation">
      <UniqueIdentifier>{b1e7442a-ddca-49b7-a46e-9486a45a5f6d}</UniqueIdentifier>
    </Filter>
    <Filter Include="メイン部分\Collision\Collider">
      <UniqueIdentifier>{420e242b-a449-4151-bd40-52bef72dac67}</UniqueIdentifier>
    </Filter>
    <Filter Include="メイン部分\Base\DebugTex">
      <UniqueIdentifier>{e89d9931-92af-4086-84fd-a4fa2353848e}</UniqueIdentifier>
    </Filter>
    <Filter Include="Manager">
      <UniqueIdentifier>{1b18531d-74dd-4b53-9d04-2f27d035f730}</UniqueIdentifier>
    </Filter>
    <Filter Include="メイン部分\GameObj\Other">
      <UniqueIdentifier>{c0ce1929-586d-4bea-a56e-5052f2d49eb4}</UniqueIdentifier>
    </Filter>
    <Filter Include="Shader\PostEffect\MultiRenderTarget">
      <UniqueIdentifier>{496aceef-5040-4385-b23b-c02117043d7c}</UniqueIdentifier>
    </Filter>
  </ItemGroup>
</Project>