<?xml version="1.0" encoding="utf-8"?>
<Project ToolsVersion="4.0" xmlns="http://schemas.microsoft.com/developer/msbuild/2003">
  <ItemGroup>
    <FxCompile Include="Resources\Shaders\BasicPS.hlsl">
      <Filter>Shader\CalculationObj</Filter>
    </FxCompile>
    <FxCompile Include="Resources\Shaders\BasicVS.hlsl">
      <Filter>Shader\CalculationObj</Filter>
    </FxCompile>
    <FxCompile Include="Resources\Shaders\FBXPS.hlsl">
      <Filter>Shader\FBX</Filter>
    </FxCompile>
    <FxCompile Include="Resources\Shaders\FBXVS.hlsl">
      <Filter>Shader\FBX</Filter>
    </FxCompile>
    <FxCompile Include="Resources\Shaders\MultiRenderTargetTestPS.hlsl">
      <Filter>Shader\MultiRenderTarget</Filter>
    </FxCompile>
    <FxCompile Include="Resources\Shaders\MultiRenderTargetTestVS.hlsl">
      <Filter>Shader\MultiRenderTarget</Filter>
    </FxCompile>
    <FxCompile Include="Resources\Shaders\ObjPS.hlsl">
      <Filter>Shader\OBJ</Filter>
    </FxCompile>
    <FxCompile Include="Resources\Shaders\ObjVS.hlsl">
      <Filter>Shader\OBJ</Filter>
    </FxCompile>
    <FxCompile Include="Resources\Shaders\ParticleGS.hlsl">
      <Filter>Shader\Particle</Filter>
    </FxCompile>
    <FxCompile Include="Resources\Shaders\ParticlePS.hlsl">
      <Filter>Shader\Particle</Filter>
    </FxCompile>
    <FxCompile Include="Resources\Shaders\ParticleVS.hlsl">
      <Filter>Shader\Particle</Filter>
    </FxCompile>
    <FxCompile Include="Resources\Shaders\PostEffectTestVS.hlsl">
      <Filter>Shader\PostEffect</Filter>
    </FxCompile>
    <FxCompile Include="Resources\Shaders\PostEffectTestPS.hlsl">
      <Filter>Shader\PostEffect</Filter>
    </FxCompile>
    <FxCompile Include="Resources\Shaders\SpritePS.hlsl">
      <Filter>Shader\Sprite</Filter>
    </FxCompile>
    <FxCompile Include="Resources\Shaders\SpriteVS.hlsl">
      <Filter>Shader\Sprite</Filter>
    </FxCompile>
    <FxCompile Include="Resources\Shaders\ChangeBrightnessPS.hlsl">
      <Filter>Shader\PostEffect\Effects</Filter>
    </FxCompile>
    <FxCompile Include="Resources\Shaders\ChangeChromaPS.hlsl">
      <Filter>Shader\PostEffect\Effects</Filter>
    </FxCompile>
    <FxCompile Include="Resources\Shaders\InverseColorPS.hlsl">
      <Filter>Shader\PostEffect\Effects</Filter>
    </FxCompile>
    <FxCompile Include="Resources\Shaders\NoEffectPS.hlsl">
      <Filter>Shader\PostEffect\Effects</Filter>
    </FxCompile>
    <FxCompile Include="Resources\Shaders\PixelBlurPS.hlsl">
      <Filter>Shader\PostEffect\Effects</Filter>
    </FxCompile>
    <FxCompile Include="Resources\Shaders\RGBShiftPS.hlsl">
      <Filter>Shader\PostEffect\Effects</Filter>
    </FxCompile>
    <FxCompile Include="Resources\Shaders\ScanLinePS.hlsl">
      <Filter>Shader\PostEffect\Effects</Filter>
    </FxCompile>
    <FxCompile Include="Resources\Shaders\SinpleColorPS.hlsl">
      <Filter>Shader\PostEffect\Effects</Filter>
    </FxCompile>
    <FxCompile Include="Resources\Shaders\TilingPS.hlsl">
      <Filter>Shader\PostEffect\Effects</Filter>
    </FxCompile>
    <FxCompile Include="Resources\Shaders\UvScrollPS.hlsl">
      <Filter>Shader\PostEffect\Effects</Filter>
    </FxCompile>
  </ItemGroup>
  <ItemGroup>
    <ClCompile Include="main.cpp" />
    <ClCompile Include="AbstructScene.cpp">
      <Filter>メイン部分\Scene</Filter>
    </ClCompile>
    <ClCompile Include="Audio.cpp">
      <Filter>メイン部分\Audio</Filter>
    </ClCompile>
    <ClCompile Include="Boss.cpp">
      <Filter>メイン部分\GameObj\Enemy</Filter>
    </ClCompile>
    <ClCompile Include="CalculationObject.cpp">
      <Filter>メイン部分\Object\CalculationObj</Filter>
    </ClCompile>
    <ClCompile Include="Camera.cpp">
      <Filter>メイン部分\Camera</Filter>
    </ClCompile>
    <ClCompile Include="Collision.cpp">
      <Filter>メイン部分\Collision</Filter>
    </ClCompile>
    <ClCompile Include="CollisionPrimitive.cpp">
      <Filter>メイン部分\Collision</Filter>
    </ClCompile>
    <ClCompile Include="ControllerInput.cpp">
      <Filter>メイン部分\Input</Filter>
    </ClCompile>
    <ClCompile Include="DebugText.cpp">
      <Filter>メイン部分\Base</Filter>
    </ClCompile>
    <ClCompile Include="DirectXCommon.cpp">
      <Filter>メイン部分\Base</Filter>
    </ClCompile>
    <ClCompile Include="EndGame.cpp">
      <Filter>メイン部分\Scene</Filter>
    </ClCompile>
    <ClCompile Include="FbxDraw.cpp">
      <Filter>メイン部分\Object\FBX</Filter>
    </ClCompile>
    <ClCompile Include="FbxInput.cpp">
      <Filter>メイン部分\Object\FBX</Filter>
    </ClCompile>
    <ClCompile Include="FbxModel.cpp">
      <Filter>メイン部分\Object\FBX</Filter>
    </ClCompile>
    <ClCompile Include="GameScene.cpp">
      <Filter>メイン部分\Scene</Filter>
    </ClCompile>
    <ClCompile Include="KeyboardInput.cpp">
      <Filter>メイン部分\Input</Filter>
    </ClCompile>
    <ClCompile Include="ModelDraw.cpp">
      <Filter>メイン部分\Object\OBJ</Filter>
    </ClCompile>
    <ClCompile Include="ModelInput.cpp">
      <Filter>メイン部分\Object\OBJ</Filter>
    </ClCompile>
    <ClCompile Include="ModelManager.cpp">
      <Filter>メイン部分\Object\OBJ</Filter>
    </ClCompile>
    <ClCompile Include="MultiRenderTarget.cpp">
      <Filter>メイン部分\Sprite\MultiRenderTarget</Filter>
    </ClCompile>
    <ClCompile Include="ParticleManager.cpp">
      <Filter>メイン部分\Particle</Filter>
    </ClCompile>
    <ClCompile Include="PlayerBase.cpp">
      <Filter>メイン部分\GameObj\Player</Filter>
    </ClCompile>
    <ClCompile Include="PostEffect.cpp">
      <Filter>メイン部分\Sprite\PostEffect</Filter>
    </ClCompile>
    <ClCompile Include="SceneManager.cpp">
      <Filter>メイン部分\Scene</Filter>
    </ClCompile>
    <ClCompile Include="Sprite.cpp">
      <Filter>メイン部分\Sprite\Sprite</Filter>
    </ClCompile>
    <ClCompile Include="Title.cpp">
      <Filter>メイン部分\Scene</Filter>
    </ClCompile>
    <ClCompile Include="WindowsAPI.cpp">
      <Filter>メイン部分\Base</Filter>
    </ClCompile>
    <ClCompile Include="Stage.cpp">
      <Filter>メイン部分\GameObj\Stage</Filter>
    </ClCompile>
    <ClCompile Include="Bullet.cpp">
      <Filter>メイン部分\GameObj\Bullet</Filter>
    </ClCompile>
    <ClCompile Include="GameObject.cpp">
      <Filter>メイン部分\GameObj</Filter>
    </ClCompile>
    <ClCompile Include="GameObjectManager.cpp">
      <Filter>メイン部分\GameObj</Filter>
    </ClCompile>
    <ClCompile Include="BaseCollider.cpp">
      <Filter>メイン部分\Collision</Filter>
    </ClCompile>
    <ClCompile Include="CollisionManager.cpp">
      <Filter>メイン部分\Collision</Filter>
    </ClCompile>
    <ClCompile Include="CollisionInfo.cpp">
      <Filter>メイン部分\Collision</Filter>
    </ClCompile>
    <ClCompile Include="SphereCollider.cpp">
      <Filter>メイン部分\Collision</Filter>
    </ClCompile>
    <ClCompile Include="OBBCollider.cpp" />
    <ClCompile Include="Wall.cpp">
      <Filter>メイン部分\GameObj\Wall</Filter>
    </ClCompile>
    <ClCompile Include="EnemySponer.cpp" />
    <ClCompile Include="Enemy.cpp">
      <Filter>メイン部分\GameObj\Enemy</Filter>
    </ClCompile>
    <ClCompile Include="EnemyBullet.cpp" />
  </ItemGroup>
  <ItemGroup>
    <ClInclude Include="AbstructScene.h">
      <Filter>メイン部分\Scene</Filter>
    </ClInclude>
    <ClInclude Include="Audio.h">
      <Filter>メイン部分\Audio</Filter>
    </ClInclude>
    <ClInclude Include="Boss.h">
      <Filter>メイン部分\GameObj\Enemy</Filter>
    </ClInclude>
    <ClInclude Include="CalculationObject.h">
      <Filter>メイン部分\Object\CalculationObj</Filter>
    </ClInclude>
    <ClInclude Include="Camera.h">
      <Filter>メイン部分\Camera</Filter>
    </ClInclude>
    <ClInclude Include="Collision.h">
      <Filter>メイン部分\Collision</Filter>
    </ClInclude>
    <ClInclude Include="CollisionPrimitive.h">
      <Filter>メイン部分\Collision</Filter>
    </ClInclude>
    <ClInclude Include="ControllerInput.h">
      <Filter>メイン部分\Input</Filter>
    </ClInclude>
    <ClInclude Include="DebugText.h">
      <Filter>メイン部分\Base</Filter>
    </ClInclude>
    <ClInclude Include="DirectXCommon.h">
      <Filter>メイン部分\Base</Filter>
    </ClInclude>
    <ClInclude Include="EndGame.h">
      <Filter>メイン部分\Scene</Filter>
    </ClInclude>
    <ClInclude Include="FbxDraw.h">
      <Filter>メイン部分\Object\FBX</Filter>
    </ClInclude>
    <ClInclude Include="FbxInput.h">
      <Filter>メイン部分\Object\FBX</Filter>
    </ClInclude>
    <ClInclude Include="FbxModel.h">
      <Filter>メイン部分\Object\FBX</Filter>
    </ClInclude>
    <ClInclude Include="GameScene.h">
      <Filter>メイン部分\Scene</Filter>
    </ClInclude>
    <ClInclude Include="KeyboardInput.h">
      <Filter>メイン部分\Input</Filter>
    </ClInclude>
    <ClInclude Include="ModelDraw.h">
      <Filter>メイン部分\Object\OBJ</Filter>
    </ClInclude>
    <ClInclude Include="ModelInput.h">
      <Filter>メイン部分\Object\OBJ</Filter>
    </ClInclude>
    <ClInclude Include="ModelManager.h">
      <Filter>メイン部分\Object\OBJ</Filter>
    </ClInclude>
    <ClInclude Include="MultiRenderTarget.h">
      <Filter>メイン部分\Sprite\MultiRenderTarget</Filter>
    </ClInclude>
    <ClInclude Include="ParticleManager.h">
      <Filter>メイン部分\Particle</Filter>
    </ClInclude>
    <ClInclude Include="PlayerBase.h">
      <Filter>メイン部分\GameObj\Player</Filter>
    </ClInclude>
    <ClInclude Include="PostEffect.h">
      <Filter>メイン部分\Sprite\PostEffect</Filter>
    </ClInclude>
    <ClInclude Include="SafeDelete.h">
      <Filter>メイン部分\Base</Filter>
    </ClInclude>
    <ClInclude Include="SceneManager.h">
      <Filter>メイン部分\Scene</Filter>
    </ClInclude>
    <ClInclude Include="Sprite.h">
      <Filter>メイン部分\Sprite\Sprite</Filter>
    </ClInclude>
    <ClInclude Include="Title.h">
      <Filter>メイン部分\Scene</Filter>
    </ClInclude>
    <ClInclude Include="Vector3.h">
      <Filter>メイン部分\Base</Filter>
    </ClInclude>
    <ClInclude Include="WindowsAPI.h">
      <Filter>メイン部分\Base</Filter>
    </ClInclude>
    <ClInclude Include="Stage.h">
      <Filter>メイン部分\GameObj\Stage</Filter>
    </ClInclude>
    <ClInclude Include="Bullet.h">
      <Filter>メイン部分\GameObj\Bullet</Filter>
    </ClInclude>
    <ClInclude Include="GameObjectManager.h">
      <Filter>メイン部分\GameObj</Filter>
    </ClInclude>
    <ClInclude Include="GameObject.h">
      <Filter>メイン部分\GameObj</Filter>
    </ClInclude>
    <ClInclude Include="BaseCollider.h">
      <Filter>メイン部分\Collision</Filter>
    </ClInclude>
    <ClInclude Include="CollisionManager.h">
      <Filter>メイン部分\Collision</Filter>
    </ClInclude>
    <ClInclude Include="CollisionInfo.h">
      <Filter>メイン部分\Collision</Filter>
    </ClInclude>
    <ClInclude Include="SphereCollider.h">
      <Filter>メイン部分\Collision</Filter>
    </ClInclude>
    <ClInclude Include="OBBCollider.h" />
    <ClInclude Include="Wall.h">
      <Filter>メイン部分\GameObj\Wall</Filter>
    </ClInclude>
    <ClInclude Include="EnemySponer.h" />
    <ClInclude Include="Enemy.h">
      <Filter>メイン部分\GameObj\Enemy</Filter>
    </ClInclude>
    <ClInclude Include="EnemyBullet.h" />
  </ItemGroup>
  <ItemGroup>
    <None Include="Resources\Shaders\Basic.hlsli">
      <Filter>Shader\CalculationObj</Filter>
    </None>
    <None Include="Resources\Shaders\FBX.hlsli">
      <Filter>Shader\FBX</Filter>
    </None>
    <None Include="Resources\Shaders\MultiRenderTargetTest.hlsli">
      <Filter>Shader\MultiRenderTarget</Filter>
    </None>
    <None Include="Resources\Shaders\Obj.hlsli">
      <Filter>Shader\OBJ</Filter>
    </None>
    <None Include="Resources\Shaders\Particle.hlsli">
      <Filter>Shader\Particle</Filter>
    </None>
    <None Include="Resources\Shaders\PostEffectTest.hlsli">
      <Filter>Shader\PostEffect</Filter>
    </None>
    <None Include="Resources\Shaders\Sprite.hlsli">
      <Filter>Shader\Sprite</Filter>
    </None>
  </ItemGroup>
  <ItemGroup>
    <Filter Include="Shader">
      <UniqueIdentifier>{a4b35bf5-536f-45a5-b5c0-39a62cdcb457}</UniqueIdentifier>
    </Filter>
    <Filter Include="Shader\CalculationObj">
      <UniqueIdentifier>{34a54325-e589-4e7d-9054-506ccdd7c876}</UniqueIdentifier>
    </Filter>
    <Filter Include="Shader\FBX">
      <UniqueIdentifier>{65392644-7150-4ed4-b0e0-2fc1fa043d4a}</UniqueIdentifier>
    </Filter>
    <Filter Include="Shader\MultiRenderTarget">
      <UniqueIdentifier>{496aceef-5040-4385-b23b-c02117043d7c}</UniqueIdentifier>
    </Filter>
    <Filter Include="Shader\OBJ">
      <UniqueIdentifier>{77d61d12-9a26-4ba2-9c60-f49145791d14}</UniqueIdentifier>
    </Filter>
    <Filter Include="Shader\Particle">
      <UniqueIdentifier>{4f223da8-9a37-403c-bd75-b712d12baafd}</UniqueIdentifier>
    </Filter>
    <Filter Include="Shader\PostEffect">
      <UniqueIdentifier>{18849bc6-ddb6-4947-84dc-ad49e0d67bdf}</UniqueIdentifier>
    </Filter>
    <Filter Include="Shader\Sprite">
      <UniqueIdentifier>{957ae061-86d0-4bc8-b33d-bc200111789d}</UniqueIdentifier>
    </Filter>
    <Filter Include="メイン部分">
      <UniqueIdentifier>{dbd00371-188c-42ad-972b-5bda1e80d85b}</UniqueIdentifier>
    </Filter>
    <Filter Include="メイン部分\Audio">
      <UniqueIdentifier>{a74ad3ae-81c7-431a-80eb-963adfbc23e6}</UniqueIdentifier>
    </Filter>
    <Filter Include="メイン部分\Camera">
      <UniqueIdentifier>{884df4db-84d5-4669-aa2b-eb1eb47fcba5}</UniqueIdentifier>
    </Filter>
    <Filter Include="メイン部分\Base">
      <UniqueIdentifier>{1556d291-6296-40d8-b6f3-2355dd44f0b5}</UniqueIdentifier>
    </Filter>
    <Filter Include="メイン部分\Collision">
      <UniqueIdentifier>{6f0c16dc-b8ac-4a49-92ea-c8cc2e0ab124}</UniqueIdentifier>
    </Filter>
    <Filter Include="メイン部分\Input">
      <UniqueIdentifier>{8d3e6c92-022d-40a1-9b17-82b01cf453a6}</UniqueIdentifier>
    </Filter>
    <Filter Include="メイン部分\Particle">
      <UniqueIdentifier>{45439660-d7c3-4f6d-88aa-b0393754c997}</UniqueIdentifier>
    </Filter>
    <Filter Include="メイン部分\Sprite">
      <UniqueIdentifier>{edc78873-c918-4eba-82d7-a3ce1884a2be}</UniqueIdentifier>
    </Filter>
    <Filter Include="メイン部分\Sprite\Sprite">
      <UniqueIdentifier>{07da67da-cec3-4024-9fd0-e431a823b004}</UniqueIdentifier>
    </Filter>
    <Filter Include="メイン部分\Sprite\PostEffect">
      <UniqueIdentifier>{a06404cf-4120-41b9-bb52-629da06fc72e}</UniqueIdentifier>
    </Filter>
    <Filter Include="メイン部分\Sprite\MultiRenderTarget">
      <UniqueIdentifier>{2ff30daa-fc92-4e7c-a7c7-bc795ebad89f}</UniqueIdentifier>
    </Filter>
    <Filter Include="メイン部分\Object">
      <UniqueIdentifier>{e6cd8d90-2fb4-499b-843a-3b197d7fa0fe}</UniqueIdentifier>
    </Filter>
    <Filter Include="メイン部分\Object\CalculationObj">
      <UniqueIdentifier>{b1e7442a-ddca-49b7-a46e-9486a45a5f6d}</UniqueIdentifier>
    </Filter>
    <Filter Include="メイン部分\Object\FBX">
      <UniqueIdentifier>{f3688733-900c-4520-a143-e7376f0bbbe5}</UniqueIdentifier>
    </Filter>
    <Filter Include="メイン部分\Object\OBJ">
      <UniqueIdentifier>{7e3491d8-8e86-4c98-b2e6-efa1e99b3f99}</UniqueIdentifier>
    </Filter>
    <Filter Include="メイン部分\Scene">
      <UniqueIdentifier>{33c1db31-6e50-453a-b45d-c6ac94cbda70}</UniqueIdentifier>
    </Filter>
    <Filter Include="Shader\PostEffect\Effects">
      <UniqueIdentifier>{57c4cc42-7c83-4514-9fb2-ed15027d565a}</UniqueIdentifier>
    </Filter>
    <Filter Include="メイン部分\GameObj">
      <UniqueIdentifier>{21a672d7-5146-4acc-a58d-28b66643954e}</UniqueIdentifier>
    </Filter>
    <Filter Include="メイン部分\GameObj\Enemy">
      <UniqueIdentifier>{60d1e33d-a484-42ea-9afb-07bb3811af88}</UniqueIdentifier>
    </Filter>
    <Filter Include="メイン部分\GameObj\Player">
      <UniqueIdentifier>{f8243134-8987-48a7-8f4b-f2c3ed1008ed}</UniqueIdentifier>
    </Filter>
    <Filter Include="メイン部分\GameObj\Stage">
      <UniqueIdentifier>{c0ce1929-586d-4bea-a56e-5052f2d49eb4}</UniqueIdentifier>
    </Filter>
    <Filter Include="メイン部分\GameObj\Bullet">
      <UniqueIdentifier>{8be5055b-edb3-4ba3-ad1d-af264a3441e2}</UniqueIdentifier>
    </Filter>
    <Filter Include="メイン部分\GameObj\Wall">
      <UniqueIdentifier>{34fe37e4-5c59-4b4f-8c52-57582c9d434e}</UniqueIdentifier>
    </Filter>
  </ItemGroup>
</Project>